# @generated - this file is auto-generated by `mise lock` https://mise.jdx.dev/dev-tools/mise-lock.html

[[tools.java]]
version = "21.0.2"
backend = "core:java"

[tools.java.options]
shorthand_vendor = "openjdk"

[tools.java."platforms.linux-x64"]
checksum = "sha256:a2def047a73941e01a73739f92755f86b895811afb1f91243db214cff5bdac3f"
url = "https://download.java.net/java/GA/jdk21.0.2/f2283984656d49d69e91c558476027ac/13/GPL/openjdk-21.0.2_linux-x64_bin.tar.gz"

[[tools.node]]
version = "26.8.0"
backend = "core:node"

[tools.node."platforms.linux-x64"]
checksum = "sha256:32fcdc8e2e2cc54fbcd6c8cc96ca5bd2e70019ac23000cbd6ccc5663de111b33"
url = "https://nodejs.org/dist/v26.8.0/node-v26.8.0-linux-x64.tar.gz"

[[tools.pnpm]]
version = "11.24.0"
backend = "aqua:pnpm/pnpm"

[tools.pnpm."platforms.linux-x64"]
checksum = "sha256:0a9b76dedb5fe8cc5e7f3a9fd70854181cfb08a487ebaf0c9cfb044dc860936c"
url = "https://github.com/pnpm/pnpm/releases/download/v11.24.0/pnpm-linux-x64.tar.gz"
url_api = "https://api.github.com/repos/pnpm/pnpm/releases/assets/527747059"
provenance = "github-attestations"
